
Microsoft Visual Studio Solution File, Format Version 12.00
# Visual Studio Version 17
VisualStudioVersion = 17.1.32228.430
MinimumVisualStudioVersion = 10.0.40219.1
Project("{FAE04EC0-301F-11D3-BF4B-00C04F79EFBC}") = "OBShoppingCart", "OBShoppingCart\OBShoppingCart.csproj", "{38D96DE6-3450-44B8-8C69-5160AE91E6E5}"
EndProject
Project("{FAE04EC0-301F-11D3-BF4B-00C04F79EFBC}") = "OBShoppingCart.Models", "OBShoppingCart.Models\OBShoppingCart.Models.csproj", "{EBDD836C-3314-4CC4-B53A-5BFFE95FE272}"
EndProject
Project("{FAE04EC0-301F-11D3-BF4B-00C04F79EFBC}") = "OBShoppingCart.DataAccess", "DataAccess\OBShoppingCart.DataAccess.csproj", "{D63AAF31-4DDF-4389-9ECA-C882D8E31307}"
EndProject
Project("{FAE04EC0-301F-11D3-BF4B-00C04F79EFBC}") = "OBShoppingCart.Services", "OBShoppingCart.Services\OBShoppingCart.Services.csproj", "{7987A6EC-75D0-4E58-A2EA-6605F74A43FF}"
EndProject
Project("{FAE04EC0-301F-11D3-BF4B-00C04F79EFBC}") = "OBShoppingCart.Utility", "OBShoppingCart.Utility\OBShoppingCart.Utility.csproj", "{B7E44E38-56DF-4116-8B6F-9CC12C253B3A}"
EndProject
Global
	GlobalSection(SolutionConfigurationPlatforms) = preSolution
		Debug|Any CPU = Debug|Any CPU
		Release|Any CPU = Release|Any CPU
	EndGlobalSection
	GlobalSection(ProjectConfigurationPlatforms) = postSolution
		{38D96DE6-3450-44B8-8C69-5160AE91E6E5}.Debug|Any CPU.ActiveCfg = Debug|Any CPU
		{38D96DE6-3450-44B8-8C69-5160AE91E6E5}.Debug|Any CPU.Build.0 = Debug|Any CPU
		{38D96DE6-3450-44B8-8C69-5160AE91E6E5}.Release|Any CPU.ActiveCfg = Release|Any CPU
		{38D96DE6-3450-44B8-8C69-5160AE91E6E5}.Release|Any CPU.Build.0 = Release|Any CPU
		{EBDD836C-3314-4CC4-B53A-5BFFE95FE272}.Debug|Any CPU.ActiveCfg = Debug|Any CPU
		{EBDD836C-3314-4CC4-B53A-5BFFE95FE272}.Debug|Any CPU.Build.0 = Debug|Any CPU
		{EBDD836C-3314-4CC4-B53A-5BFFE95FE272}.Release|Any CPU.ActiveCfg = Release|Any CPU
		{EBDD836C-3314-4CC4-B53A-5BFFE95FE272}.Release|Any CPU.Build.0 = Release|Any CPU
		{D63AAF31-4DDF-4389-9ECA-C882D8E31307}.Debug|Any CPU.ActiveCfg = Debug|Any CPU
		{D63AAF31-4DDF-4389-9ECA-C882D8E31307}.Debug|Any CPU.Build.0 = Debug|Any CPU
		{D63AAF31-4DDF-4389-9ECA-C882D8E31307}.Release|Any CPU.ActiveCfg = Release|Any CPU
		{D63AAF31-4DDF-4389-9ECA-C882D8E31307}.Release|Any CPU.Build.0 = Release|Any CPU
		{7987A6EC-75D0-4E58-A2EA-6605F74A43FF}.Debug|Any CPU.ActiveCfg = Debug|Any CPU
		{7987A6EC-75D0-4E58-A2EA-6605F74A43FF}.Debug|Any CPU.Build.0 = Debug|Any CPU
		{7987A6EC-75D0-4E58-A2EA-6605F74A43FF}.Release|Any CPU.ActiveCfg = Release|Any CPU
		{7987A6EC-75D0-4E58-A2EA-6605F74A43FF}.Release|Any CPU.Build.0 = Release|Any CPU
		{B7E44E38-56DF-4116-8B6F-9CC12C253B3A}.Debug|Any CPU.ActiveCfg = Debug|Any CPU
		{B7E44E38-56DF-4116-8B6F-9CC12C253B3A}.Debug|Any CPU.Build.0 = Debug|Any CPU
		{B7E44E38-56DF-4116-8B6F-9CC12C253B3A}.Release|Any CPU.ActiveCfg = Release|Any CPU
		{B7E44E38-56DF-4116-8B6F-9CC12C253B3A}.Release|Any CPU.Build.0 = Release|Any CPU
	EndGlobalSection
	GlobalSection(SolutionProperties) = preSolution
		HideSolutionNode = FALSE
	EndGlobalSection
	GlobalSection(ExtensibilityGlobals) = postSolution
		SolutionGuid = {A86A6439-A723-4798-8ED4-E403C073A539}
	EndGlobalSection
EndGlobal
